
Microsoft Visual Studio Solution File, Format Version 12.00
# Visual Studio 2012
Project("{FAE04EC0-301F-11D3-BF4B-00C04F79EFBC}") = "Calcolatrice", "Calcolatrice\Calcolatrice.csproj", "{5C39855F-8689-44C8-8F69-0D47A43DA369}"
EndProject
Project("{FAE04EC0-301F-11D3-BF4B-00C04F79EFBC}") = "SocialNetwork", "SocialNetwork\SocialNetwork.csproj", "{67462112-39D5-4D54-AAAD-15E3442FDF86}"
EndProject
Global
	GlobalSection(SolutionConfigurationPlatforms) = preSolution
		Debug|Any CPU = Debug|Any CPU
		Release|Any CPU = Release|Any CPU
	EndGlobalSection
	GlobalSection(ProjectConfigurationPlatforms) = postSolution
		{5C39855F-8689-44C8-8F69-0D47A43DA369}.Debug|Any CPU.ActiveCfg = Debug|Any CPU
		{5C39855F-8689-44C8-8F69-0D47A43DA369}.Debug|Any CPU.Build.0 = Debug|Any CPU
		{5C39855F-8689-44C8-8F69-0D47A43DA369}.Release|Any CPU.ActiveCfg = Release|Any CPU
		{5C39855F-8689-44C8-8F69-0D47A43DA369}.Release|Any CPU.Build.0 = Release|Any CPU
		{67462112-39D5-4D54-AAAD-15E3442FDF86}.Debug|Any CPU.ActiveCfg = Debug|Any CPU
		{67462112-39D5-4D54-AAAD-15E3442FDF86}.Debug|Any CPU.Build.0 = Debug|Any CPU
		{67462112-39D5-4D54-AAAD-15E3442FDF86}.Release|Any CPU.ActiveCfg = Release|Any CPU
		{67462112-39D5-4D54-AAAD-15E3442FDF86}.Release|Any CPU.Build.0 = Release|Any CPU
	EndGlobalSection
	GlobalSection(SolutionProperties) = preSolution
		HideSolutionNode = FALSE
	EndGlobalSection
EndGlobal
